
Microsoft Visual Studio Solution File, Format Version 12.00
# Visual Studio Version 17
VisualStudioVersion = 17.14.36203.30
MinimumVisualStudioVersion = 10.0.40219.1
Project("{FAE04EC0-301F-11D3-BF4B-00C04F79EFBC}") = "DVTElevator.UI", "..\DVTElevator.UI\DVTElevator.UI.csproj", "{73A3FF72-FA33-4C11-B796-2FCED560729F}"
EndProject
Project("{FAE04EC0-301F-11D3-BF4B-00C04F79EFBC}") = "DVTElevator.Application", "..\DVTElevator.Application\DVTElevator.Application.csproj", "{BB162768-CDF1-40D6-BD65-FE558210F122}"
EndProject
Project("{FAE04EC0-301F-11D3-BF4B-00C04F79EFBC}") = "DVTElevator.Domain", "..\DVTElevator.Domain\DVTElevator.Domain.csproj", "{D2F9D27A-633B-4FAC-A5F5-8EDC0349A019}"
EndProject
Project("{FAE04EC0-301F-11D3-BF4B-00C04F79EFBC}") = "DVTElevator.Infrastructure", "..\DVTElevator.Infrastructure\DVTElevator.Infrastructure.csproj", "{AF757BA9-FEDB-4CC7-93E0-71ACAB34CF2E}"
EndProject
Project("{FAE04EC0-301F-11D3-BF4B-00C04F79EFBC}") = "DVTElevator.Tests", "DVTElevator.Tests\DVTElevator.Tests.csproj", "{2F45FD91-FAFC-41B2-BD60-489A18A73170}"
EndProject
Project("{2150E333-8FDC-42A3-9474-1A3956D46DE8}") = ".github", ".github", "{02EA681E-C7D8-13C7-8484-4AC65E1B71E8}"
EndProject
Project("{2150E333-8FDC-42A3-9474-1A3956D46DE8}") = "workflows", "workflows", "{0C05695E-D11F-4FB9-8344-A7DADB1EEF5F}"
	ProjectSection(SolutionItems) = preProject
		ci.yml = ci.yml
	EndProjectSection
EndProject
Global
	GlobalSection(SolutionConfigurationPlatforms) = preSolution
		Debug|Any CPU = Debug|Any CPU
		Release|Any CPU = Release|Any CPU
	EndGlobalSection
	GlobalSection(ProjectConfigurationPlatforms) = postSolution
		{73A3FF72-FA33-4C11-B796-2FCED560729F}.Debug|Any CPU.ActiveCfg = Debug|Any CPU
		{73A3FF72-FA33-4C11-B796-2FCED560729F}.Debug|Any CPU.Build.0 = Debug|Any CPU
		{73A3FF72-FA33-4C11-B796-2FCED560729F}.Release|Any CPU.ActiveCfg = Release|Any CPU
		{73A3FF72-FA33-4C11-B796-2FCED560729F}.Release|Any CPU.Build.0 = Release|Any CPU
		{BB162768-CDF1-40D6-BD65-FE558210F122}.Debug|Any CPU.ActiveCfg = Debug|Any CPU
		{BB162768-CDF1-40D6-BD65-FE558210F122}.Debug|Any CPU.Build.0 = Debug|Any CPU
		{BB162768-CDF1-40D6-BD65-FE558210F122}.Release|Any CPU.ActiveCfg = Release|Any CPU
		{BB162768-CDF1-40D6-BD65-FE558210F122}.Release|Any CPU.Build.0 = Release|Any CPU
		{D2F9D27A-633B-4FAC-A5F5-8EDC0349A019}.Debug|Any CPU.ActiveCfg = Debug|Any CPU
		{D2F9D27A-633B-4FAC-A5F5-8EDC0349A019}.Debug|Any CPU.Build.0 = Debug|Any CPU
		{D2F9D27A-633B-4FAC-A5F5-8EDC0349A019}.Release|Any CPU.ActiveCfg = Release|Any CPU
		{D2F9D27A-633B-4FAC-A5F5-8EDC0349A019}.Release|Any CPU.Build.0 = Release|Any CPU
		{AF757BA9-FEDB-4CC7-93E0-71ACAB34CF2E}.Debug|Any CPU.ActiveCfg = Debug|Any CPU
		{AF757BA9-FEDB-4CC7-93E0-71ACAB34CF2E}.Debug|Any CPU.Build.0 = Debug|Any CPU
		{AF757BA9-FEDB-4CC7-93E0-71ACAB34CF2E}.Release|Any CPU.ActiveCfg = Release|Any CPU
		{AF757BA9-FEDB-4CC7-93E0-71ACAB34CF2E}.Release|Any CPU.Build.0 = Release|Any CPU
		{2F45FD91-FAFC-41B2-BD60-489A18A73170}.Debug|Any CPU.ActiveCfg = Debug|Any CPU
		{2F45FD91-FAFC-41B2-BD60-489A18A73170}.Debug|Any CPU.Build.0 = Debug|Any CPU
		{2F45FD91-FAFC-41B2-BD60-489A18A73170}.Release|Any CPU.ActiveCfg = Release|Any CPU
		{2F45FD91-FAFC-41B2-BD60-489A18A73170}.Release|Any CPU.Build.0 = Release|Any CPU
	EndGlobalSection
	GlobalSection(SolutionProperties) = preSolution
		HideSolutionNode = FALSE
	EndGlobalSection
	GlobalSection(NestedProjects) = preSolution
		{0C05695E-D11F-4FB9-8344-A7DADB1EEF5F} = {02EA681E-C7D8-13C7-8484-4AC65E1B71E8}
	EndGlobalSection
	GlobalSection(ExtensibilityGlobals) = postSolution
		SolutionGuid = {E5E25B46-6B98-477C-AD2F-F9141B98814F}
	EndGlobalSection
EndGlobal
